
Microsoft Visual Studio Solution File, Format Version 12.00
# Visual Studio Version 17
VisualStudioVersion = 17.2.32630.192
MinimumVisualStudioVersion = 10.0.40219.1
Project("{FAE04EC0-301F-11D3-BF4B-00C04F79EFBC}") = "MeuApp", "MeuApp.csproj", "{B2080B34-EB77-40EA-B6E5-666825A46433}"
EndProject
Global
	GlobalSection(SolutionConfigurationPlatforms) = preSolution
		Debug|Any CPU = Debug|Any CPU
		Release|Any CPU = Release|Any CPU
	EndGlobalSection
	GlobalSection(ProjectConfigurationPlatforms) = postSolution
		{B2080B34-EB77-40EA-B6E5-666825A46433}.Debug|Any CPU.ActiveCfg = Debug|Any CPU
		{B2080B34-EB77-40EA-B6E5-666825A46433}.Debug|Any CPU.Build.0 = Debug|Any CPU
		{B2080B34-EB77-40EA-B6E5-666825A46433}.Release|Any CPU.ActiveCfg = Release|Any CPU
		{B2080B34-EB77-40EA-B6E5-666825A46433}.Release|Any CPU.Build.0 = Release|Any CPU
	EndGlobalSection
	GlobalSection(SolutionProperties) = preSolution
		HideSolutionNode = FALSE
	EndGlobalSection
	GlobalSection(ExtensibilityGlobals) = postSolution
		SolutionGuid = {BBEF68C0-B0A6-4730-B387-DED09477F215}
	EndGlobalSection
EndGlobal
